
Microsoft Visual Studio Solution File, Format Version 12.00
Project("{FAE04EC0-301F-11D3-BF4B-00C04F79EFBC}") = "CellularAutomata.Core", "CellularAutomata.Core \CellularAutomata.Core.csproj", "{E672E469-B085-472D-85CC-CC357C486024}"
EndProject
Global
	GlobalSection(SolutionConfigurationPlatforms) = preSolution
		Debug|Any CPU = Debug|Any CPU
		Release|Any CPU = Release|Any CPU
	EndGlobalSection
	GlobalSection(ProjectConfigurationPlatforms) = postSolution
		{E672E469-B085-472D-85CC-CC357C486024}.Debug|Any CPU.ActiveCfg = Debug|Any CPU
		{E672E469-B085-472D-85CC-CC357C486024}.Debug|Any CPU.Build.0 = Debug|Any CPU
		{E672E469-B085-472D-85CC-CC357C486024}.Release|Any CPU.ActiveCfg = Release|Any CPU
		{E672E469-B085-472D-85CC-CC357C486024}.Release|Any CPU.Build.0 = Release|Any CPU
	EndGlobalSection
EndGlobal
